
Microsoft Visual Studio Solution File, Format Version 12.00
# Visual Studio Version 16
VisualStudioVersion = 16.0.31005.135
MinimumVisualStudioVersion = 10.0.40219.1
Project("{FAE04EC0-301F-11D3-BF4B-00C04F79EFBC}") = "FindMaxApp", "FindMaxApp\FindMaxApp.csproj", "{A2133882-303F-4AE2-87E8-8446766C6555}"
EndProject
Global
	GlobalSection(SolutionConfigurationPlatforms) = preSolution
		Debug|Any CPU = Debug|Any CPU
		Release|Any CPU = Release|Any CPU
	EndGlobalSection
	GlobalSection(ProjectConfigurationPlatforms) = postSolution
		{A2133882-303F-4AE2-87E8-8446766C6555}.Debug|Any CPU.ActiveCfg = Debug|Any CPU
		{A2133882-303F-4AE2-87E8-8446766C6555}.Debug|Any CPU.Build.0 = Debug|Any CPU
		{A2133882-303F-4AE2-87E8-8446766C6555}.Release|Any CPU.ActiveCfg = Release|Any CPU
		{A2133882-303F-4AE2-87E8-8446766C6555}.Release|Any CPU.Build.0 = Release|Any CPU
	EndGlobalSection
	GlobalSection(SolutionProperties) = preSolution
		HideSolutionNode = FALSE
	EndGlobalSection
	GlobalSection(ExtensibilityGlobals) = postSolution
		SolutionGuid = {C49004FF-D2AC-4919-8715-751FB50ACEB8}
	EndGlobalSection
EndGlobal
